
Microsoft Visual Studio Solution File, Format Version 12.00
# Visual Studio Version 17
VisualStudioVersion = 17.3.32929.385
MinimumVisualStudioVersion = 10.0.40219.1
Project("{9A19103F-16F7-4668-BE54-9A1E7A4F7556}") = "UnictiveAPI", "UnictiveAPI\UnictiveAPI.csproj", "{D214CA20-A1B6-4868-8FEF-A57B3466D736}"
EndProject
Project("{2150E333-8FDC-42A3-9474-1A3956D46DE8}") = "1. Model", "1. Model", "{8AA36948-1AF5-4F21-8DE8-956096110B3F}"
EndProject
Project("{FAE04EC0-301F-11D3-BF4B-00C04F79EFBC}") = "EntityModel", "EntityModel\EntityModel.csproj", "{EF68CCAE-78BF-4BA2-B597-E2E94871CB50}"
EndProject
Project("{2150E333-8FDC-42A3-9474-1A3956D46DE8}") = "2. Service", "2. Service", "{1BBAE61A-2969-4756-8CEF-DCF050833D26}"
EndProject
Project("{2150E333-8FDC-42A3-9474-1A3956D46DE8}") = "3. Data", "3. Data", "{2E6DF38C-1561-4243-B4BC-FB6FF723C2D6}"
EndProject
Project("{2150E333-8FDC-42A3-9474-1A3956D46DE8}") = "4. Utility", "4. Utility", "{EAD31A2B-A939-4796-97CB-D4F1FAA67A2C}"
EndProject
Project("{FAE04EC0-301F-11D3-BF4B-00C04F79EFBC}") = "Repository", "Repository\Repository.csproj", "{2213FAB1-9B83-4900-824D-D9BDCE0F648D}"
EndProject
Project("{FAE04EC0-301F-11D3-BF4B-00C04F79EFBC}") = "RepositoryInterface", "RepositoryInterface\RepositoryInterface.csproj", "{4B3152CF-77B9-4512-9F0E-82FEC4031DE3}"
EndProject
Project("{FAE04EC0-301F-11D3-BF4B-00C04F79EFBC}") = "Service", "Service\Service.csproj", "{E97917E7-37AD-4D69-BB61-FD1B3C574BC1}"
EndProject
Project("{FAE04EC0-301F-11D3-BF4B-00C04F79EFBC}") = "ServiceInterface", "ServiceInterface\ServiceInterface.csproj", "{8A216767-BF51-4E99-9BA7-FC062B6A8BDE}"
EndProject
Project("{FAE04EC0-301F-11D3-BF4B-00C04F79EFBC}") = "Utility", "Utility\Utility.csproj", "{29768D1B-02F7-4D2F-8896-DEA7D33A4639}"
EndProject
Project("{FAE04EC0-301F-11D3-BF4B-00C04F79EFBC}") = "UtilityInterface", "UtilityInterface\UtilityInterface.csproj", "{F5C77A8E-CE43-431C-970A-8E2DDC03F3E9}"
EndProject
Project("{2150E333-8FDC-42A3-9474-1A3956D46DE8}") = "5. Helper", "5. Helper", "{38FBB0A1-D48E-4724-BE5F-81DD3CF8CECF}"
EndProject
Project("{FAE04EC0-301F-11D3-BF4B-00C04F79EFBC}") = "HelperClasses", "HelperClasses\HelperClasses.csproj", "{C9A2EC37-CDE8-4F71-9F27-F3FBF290BD1C}"
EndProject
Global
	GlobalSection(SolutionConfigurationPlatforms) = preSolution
		Debug|Any CPU = Debug|Any CPU
		Release|Any CPU = Release|Any CPU
	EndGlobalSection
	GlobalSection(ProjectConfigurationPlatforms) = postSolution
		{D214CA20-A1B6-4868-8FEF-A57B3466D736}.Debug|Any CPU.ActiveCfg = Debug|Any CPU
		{D214CA20-A1B6-4868-8FEF-A57B3466D736}.Debug|Any CPU.Build.0 = Debug|Any CPU
		{D214CA20-A1B6-4868-8FEF-A57B3466D736}.Release|Any CPU.ActiveCfg = Release|Any CPU
		{D214CA20-A1B6-4868-8FEF-A57B3466D736}.Release|Any CPU.Build.0 = Release|Any CPU
		{EF68CCAE-78BF-4BA2-B597-E2E94871CB50}.Debug|Any CPU.ActiveCfg = Debug|Any CPU
		{EF68CCAE-78BF-4BA2-B597-E2E94871CB50}.Debug|Any CPU.Build.0 = Debug|Any CPU
		{EF68CCAE-78BF-4BA2-B597-E2E94871CB50}.Release|Any CPU.ActiveCfg = Release|Any CPU
		{EF68CCAE-78BF-4BA2-B597-E2E94871CB50}.Release|Any CPU.Build.0 = Release|Any CPU
		{2213FAB1-9B83-4900-824D-D9BDCE0F648D}.Debug|Any CPU.ActiveCfg = Debug|Any CPU
		{2213FAB1-9B83-4900-824D-D9BDCE0F648D}.Debug|Any CPU.Build.0 = Debug|Any CPU
		{2213FAB1-9B83-4900-824D-D9BDCE0F648D}.Release|Any CPU.ActiveCfg = Release|Any CPU
		{2213FAB1-9B83-4900-824D-D9BDCE0F648D}.Release|Any CPU.Build.0 = Release|Any CPU
		{4B3152CF-77B9-4512-9F0E-82FEC4031DE3}.Debug|Any CPU.ActiveCfg = Debug|Any CPU
		{4B3152CF-77B9-4512-9F0E-82FEC4031DE3}.Debug|Any CPU.Build.0 = Debug|Any CPU
		{4B3152CF-77B9-4512-9F0E-82FEC4031DE3}.Release|Any CPU.ActiveCfg = Release|Any CPU
		{4B3152CF-77B9-4512-9F0E-82FEC4031DE3}.Release|Any CPU.Build.0 = Release|Any CPU
		{E97917E7-37AD-4D69-BB61-FD1B3C574BC1}.Debug|Any CPU.ActiveCfg = Debug|Any CPU
		{E97917E7-37AD-4D69-BB61-FD1B3C574BC1}.Debug|Any CPU.Build.0 = Debug|Any CPU
		{E97917E7-37AD-4D69-BB61-FD1B3C574BC1}.Release|Any CPU.ActiveCfg = Release|Any CPU
		{E97917E7-37AD-4D69-BB61-FD1B3C574BC1}.Release|Any CPU.Build.0 = Release|Any CPU
		{8A216767-BF51-4E99-9BA7-FC062B6A8BDE}.Debug|Any CPU.ActiveCfg = Debug|Any CPU
		{8A216767-BF51-4E99-9BA7-FC062B6A8BDE}.Debug|Any CPU.Build.0 = Debug|Any CPU
		{8A216767-BF51-4E99-9BA7-FC062B6A8BDE}.Release|Any CPU.ActiveCfg = Release|Any CPU
		{8A216767-BF51-4E99-9BA7-FC062B6A8BDE}.Release|Any CPU.Build.0 = Release|Any CPU
		{29768D1B-02F7-4D2F-8896-DEA7D33A4639}.Debug|Any CPU.ActiveCfg = Debug|Any CPU
		{29768D1B-02F7-4D2F-8896-DEA7D33A4639}.Debug|Any CPU.Build.0 = Debug|Any CPU
		{29768D1B-02F7-4D2F-8896-DEA7D33A4639}.Release|Any CPU.ActiveCfg = Release|Any CPU
		{29768D1B-02F7-4D2F-8896-DEA7D33A4639}.Release|Any CPU.Build.0 = Release|Any CPU
		{F5C77A8E-CE43-431C-970A-8E2DDC03F3E9}.Debug|Any CPU.ActiveCfg = Debug|Any CPU
		{F5C77A8E-CE43-431C-970A-8E2DDC03F3E9}.Debug|Any CPU.Build.0 = Debug|Any CPU
		{F5C77A8E-CE43-431C-970A-8E2DDC03F3E9}.Release|Any CPU.ActiveCfg = Release|Any CPU
		{F5C77A8E-CE43-431C-970A-8E2DDC03F3E9}.Release|Any CPU.Build.0 = Release|Any CPU
		{C9A2EC37-CDE8-4F71-9F27-F3FBF290BD1C}.Debug|Any CPU.ActiveCfg = Debug|Any CPU
		{C9A2EC37-CDE8-4F71-9F27-F3FBF290BD1C}.Debug|Any CPU.Build.0 = Debug|Any CPU
		{C9A2EC37-CDE8-4F71-9F27-F3FBF290BD1C}.Release|Any CPU.ActiveCfg = Release|Any CPU
		{C9A2EC37-CDE8-4F71-9F27-F3FBF290BD1C}.Release|Any CPU.Build.0 = Release|Any CPU
	EndGlobalSection
	GlobalSection(SolutionProperties) = preSolution
		HideSolutionNode = FALSE
	EndGlobalSection
	GlobalSection(NestedProjects) = preSolution
		{EF68CCAE-78BF-4BA2-B597-E2E94871CB50} = {8AA36948-1AF5-4F21-8DE8-956096110B3F}
		{2213FAB1-9B83-4900-824D-D9BDCE0F648D} = {2E6DF38C-1561-4243-B4BC-FB6FF723C2D6}
		{4B3152CF-77B9-4512-9F0E-82FEC4031DE3} = {2E6DF38C-1561-4243-B4BC-FB6FF723C2D6}
		{E97917E7-37AD-4D69-BB61-FD1B3C574BC1} = {1BBAE61A-2969-4756-8CEF-DCF050833D26}
		{8A216767-BF51-4E99-9BA7-FC062B6A8BDE} = {1BBAE61A-2969-4756-8CEF-DCF050833D26}
		{29768D1B-02F7-4D2F-8896-DEA7D33A4639} = {EAD31A2B-A939-4796-97CB-D4F1FAA67A2C}
		{F5C77A8E-CE43-431C-970A-8E2DDC03F3E9} = {EAD31A2B-A939-4796-97CB-D4F1FAA67A2C}
		{C9A2EC37-CDE8-4F71-9F27-F3FBF290BD1C} = {38FBB0A1-D48E-4724-BE5F-81DD3CF8CECF}
	EndGlobalSection
	GlobalSection(ExtensibilityGlobals) = postSolution
		SolutionGuid = {DC502BB8-10FB-45CE-971C-D1D230402059}
	EndGlobalSection
EndGlobal
